// !$*UTF8*$!
{
	archiveVersion = 1;
	classes = {
	};
	objectVersion = 56;
	objects = {

/* Begin PBXBuildFile section */
		AD67D1C52BC5981C004C1206 /* RecentDeckCollectionViewCell.swift in Sources */ = {isa = PBXBuildFile; fileRef = AD67D1C42BC5981C004C1206 /* RecentDeckCollectionViewCell.swift */; };
		AD67D1C82BC59FFD004C1206 /* Deck.swift in Sources */ = {isa = PBXBuildFile; fileRef = AD67D1C72BC59FFD004C1206 /* Deck.swift */; };
		AD67D1CA2BC5A26D004C1206 /* Flashcard.swift in Sources */ = {isa = PBXBuildFile; fileRef = AD67D1C92BC5A26D004C1206 /* Flashcard.swift */; };
		ADF3D48F2BC5203F00437535 /* AppDelegate.swift in Sources */ = {isa = PBXBuildFile; fileRef = ADF3D48E2BC5203F00437535 /* AppDelegate.swift */; };
		ADF3D4912BC5203F00437535 /* SceneDelegate.swift in Sources */ = {isa = PBXBuildFile; fileRef = ADF3D4902BC5203F00437535 /* SceneDelegate.swift */; };
		ADF3D4932BC5203F00437535 /* MyDecksViewController.swift in Sources */ = {isa = PBXBuildFile; fileRef = ADF3D4922BC5203F00437535 /* MyDecksViewController.swift */; };
		ADF3D4962BC5203F00437535 /* Base in Resources */ = {isa = PBXBuildFile; fileRef = ADF3D4952BC5203F00437535 /* Base */; };
		ADF3D4982BC5204100437535 /* Assets.xcassets in Resources */ = {isa = PBXBuildFile; fileRef = ADF3D4972BC5204100437535 /* Assets.xcassets */; };
		ADF3D49B2BC5204100437535 /* Base in Resources */ = {isa = PBXBuildFile; fileRef = ADF3D49A2BC5204100437535 /* Base */; };
		ADF3D4A82BC53E2300437535 /* CustomBlurView.swift in Sources */ = {isa = PBXBuildFile; fileRef = ADF3D4A32BC53E2300437535 /* CustomBlurView.swift */; };
		ADF3D4A92BC53E2300437535 /* CustomImageView.swift in Sources */ = {isa = PBXBuildFile; fileRef = ADF3D4A42BC53E2300437535 /* CustomImageView.swift */; };
		ADF3D4AA2BC53E2300437535 /* CustomUIView.swift in Sources */ = {isa = PBXBuildFile; fileRef = ADF3D4A52BC53E2300437535 /* CustomUIView.swift */; };
		ADF3D4AB2BC53E2300437535 /* Font.swift in Sources */ = {isa = PBXBuildFile; fileRef = ADF3D4A62BC53E2300437535 /* Font.swift */; };
/* End PBXBuildFile section */

/* Begin PBXFileReference section */
		AD67D1C42BC5981C004C1206 /* RecentDeckCollectionViewCell.swift */ = {isa = PBXFileReference; lastKnownFileType = sourcecode.swift; path = RecentDeckCollectionViewCell.swift; sourceTree = "<group>"; };
		AD67D1C72BC59FFD004C1206 /* Deck.swift */ = {isa = PBXFileReference; lastKnownFileType = sourcecode.swift; path = Deck.swift; sourceTree = "<group>"; };
		AD67D1C92BC5A26D004C1206 /* Flashcard.swift */ = {isa = PBXFileReference; lastKnownFileType = sourcecode.swift; path = Flashcard.swift; sourceTree = "<group>"; };
		ADF3D48B2BC5203F00437535 /* flashcards.app */ = {isa = PBXFileReference; explicitFileType = wrapper.application; includeInIndex = 0; path = flashcards.app; sourceTree = BUILT_PRODUCTS_DIR; };
		ADF3D48E2BC5203F00437535 /* AppDelegate.swift */ = {isa = PBXFileReference; lastKnownFileType = sourcecode.swift; path = AppDelegate.swift; sourceTree = "<group>"; };
		ADF3D4902BC5203F00437535 /* SceneDelegate.swift */ = {isa = PBXFileReference; lastKnownFileType = sourcecode.swift; path = SceneDelegate.swift; sourceTree = "<group>"; };
		ADF3D4922BC5203F00437535 /* MyDecksViewController.swift */ = {isa = PBXFileReference; lastKnownFileType = sourcecode.swift; path = MyDecksViewController.swift; sourceTree = "<group>"; };
		ADF3D4952BC5203F00437535 /* Base */ = {isa = PBXFileReference; lastKnownFileType = file.storyboard; name = Base; path = Base.lproj/Main.storyboard; sourceTree = "<group>"; };
		ADF3D4972BC5204100437535 /* Assets.xcassets */ = {isa = PBXFileReference; lastKnownFileType = folder.assetcatalog; path = Assets.xcassets; sourceTree = "<group>"; };
		ADF3D49A2BC5204100437535 /* Base */ = {isa = PBXFileReference; lastKnownFileType = file.storyboard; name = Base; path = Base.lproj/LaunchScreen.storyboard; sourceTree = "<group>"; };
		ADF3D49C2BC5204100437535 /* Info.plist */ = {isa = PBXFileReference; lastKnownFileType = text.plist.xml; path = Info.plist; sourceTree = "<group>"; };
		ADF3D4A32BC53E2300437535 /* CustomBlurView.swift */ = {isa = PBXFileReference; fileEncoding = 4; lastKnownFileType = sourcecode.swift; path = CustomBlurView.swift; sourceTree = "<group>"; };
		ADF3D4A42BC53E2300437535 /* CustomImageView.swift */ = {isa = PBXFileReference; fileEncoding = 4; lastKnownFileType = sourcecode.swift; path = CustomImageView.swift; sourceTree = "<group>"; };
		ADF3D4A52BC53E2300437535 /* CustomUIView.swift */ = {isa = PBXFileReference; fileEncoding = 4; lastKnownFileType = sourcecode.swift; path = CustomUIView.swift; sourceTree = "<group>"; };
		ADF3D4A62BC53E2300437535 /* Font.swift */ = {isa = PBXFileReference; fileEncoding = 4; lastKnownFileType = sourcecode.swift; path = Font.swift; sourceTree = "<group>"; };
/* End PBXFileReference section */

/* Begin PBXFrameworksBuildPhase section */
		ADF3D4882BC5203F00437535 /* Frameworks */ = {
			isa = PBXFrameworksBuildPhase;
			buildActionMask = 2147483647;
			files = (
			);
			runOnlyForDeploymentPostprocessing = 0;
		};
/* End PBXFrameworksBuildPhase section */

/* Begin PBXGroup section */
		AD67D1C32BC58C74004C1206 /* Cells */ = {
			isa = PBXGroup;
			children = (
				AD67D1C42BC5981C004C1206 /* RecentDeckCollectionViewCell.swift */,
			);
			path = Cells;
			sourceTree = "<group>";
		};
		AD67D1C62BC59FDB004C1206 /* Models */ = {
			isa = PBXGroup;
			children = (
				AD67D1C72BC59FFD004C1206 /* Deck.swift */,
				AD67D1C92BC5A26D004C1206 /* Flashcard.swift */,
			);
			path = Models;
			sourceTree = "<group>";
		};
		ADF3D4822BC5203F00437535 = {
			isa = PBXGroup;
			children = (
				ADF3D48D2BC5203F00437535 /* flashcards */,
				ADF3D48C2BC5203F00437535 /* Products */,
			);
			sourceTree = "<group>";
		};
		ADF3D48C2BC5203F00437535 /* Products */ = {
			isa = PBXGroup;
			children = (
				ADF3D48B2BC5203F00437535 /* flashcards.app */,
			);
			name = Products;
			sourceTree = "<group>";
		};
		ADF3D48D2BC5203F00437535 /* flashcards */ = {
			isa = PBXGroup;
			children = (
				AD67D1C62BC59FDB004C1206 /* Models */,
				AD67D1C32BC58C74004C1206 /* Cells */,
				ADF3D4A72BC53E2300437535 /* Helpers */,
				ADF3D4A22BC53DD000437535 /* View Controllers */,
				ADF3D48E2BC5203F00437535 /* AppDelegate.swift */,
				ADF3D4902BC5203F00437535 /* SceneDelegate.swift */,
				ADF3D4942BC5203F00437535 /* Main.storyboard */,
				ADF3D4972BC5204100437535 /* Assets.xcassets */,
				ADF3D4992BC5204100437535 /* LaunchScreen.storyboard */,
				ADF3D49C2BC5204100437535 /* Info.plist */,
			);
			path = flashcards;
			sourceTree = "<group>";
		};
		ADF3D4A22BC53DD000437535 /* View Controllers */ = {
			isa = PBXGroup;
			children = (
				ADF3D4922BC5203F00437535 /* MyDecksViewController.swift */,
			);
			path = "View Controllers";
			sourceTree = "<group>";
		};
		ADF3D4A72BC53E2300437535 /* Helpers */ = {
			isa = PBXGroup;
			children = (
				ADF3D4A32BC53E2300437535 /* CustomBlurView.swift */,
				ADF3D4A42BC53E2300437535 /* CustomImageView.swift */,
				ADF3D4A52BC53E2300437535 /* CustomUIView.swift */,
				ADF3D4A62BC53E2300437535 /* Font.swift */,
			);
			path = Helpers;
			sourceTree = "<group>";
		};
/* End PBXGroup section */

/* Begin PBXNativeTarget section */
		ADF3D48A2BC5203F00437535 /* flashcards */ = {
			isa = PBXNativeTarget;
			buildConfigurationList = ADF3D49F2BC5204100437535 /* Build configuration list for PBXNativeTarget "flashcards" */;
			buildPhases = (
				ADF3D4872BC5203F00437535 /* Sources */,
				ADF3D4882BC5203F00437535 /* Frameworks */,
				ADF3D4892BC5203F00437535 /* Resources */,
			);
			buildRules = (
			);
			dependencies = (
			);
			name = flashcards;
			productName = flashcards;
			productReference = ADF3D48B2BC5203F00437535 /* flashcards.app */;
			productType = "com.apple.product-type.application";
		};
/* End PBXNativeTarget section */

/* Begin PBXProject section */
		ADF3D4832BC5203F00437535 /* Project object */ = {
			isa = PBXProject;
			attributes = {
				BuildIndependentTargetsInParallel = 1;
				LastSwiftUpdateCheck = 1530;
				LastUpgradeCheck = 1530;
				TargetAttributes = {
					ADF3D48A2BC5203F00437535 = {
						CreatedOnToolsVersion = 15.3;
					};
				};
			};
			buildConfigurationList = ADF3D4862BC5203F00437535 /* Build configuration list for PBXProject "flashcards" */;
			compatibilityVersion = "Xcode 14.0";
			developmentRegion = en;
			hasScannedForEncodings = 0;
			knownRegions = (
				en,
				Base,
			);
			mainGroup = ADF3D4822BC5203F00437535;
			productRefGroup = ADF3D48C2BC5203F00437535 /* Products */;
			projectDirPath = "";
			projectRoot = "";
			targets = (
				ADF3D48A2BC5203F00437535 /* flashcards */,
			);
		};
/* End PBXProject section */

/* Begin PBXResourcesBuildPhase section */
		ADF3D4892BC5203F00437535 /* Resources */ = {
			isa = PBXResourcesBuildPhase;
			buildActionMask = 2147483647;
			files = (
				ADF3D4982BC5204100437535 /* Assets.xcassets in Resources */,
				ADF3D49B2BC5204100437535 /* Base in Resources */,
				ADF3D4962BC5203F00437535 /* Base in Resources */,
			);
			runOnlyForDeploymentPostprocessing = 0;
		};
/* End PBXResourcesBuildPhase section */

/* Begin PBXSourcesBuildPhase section */
		ADF3D4872BC5203F00437535 /* Sources */ = {
			isa = PBXSourcesBuildPhase;
			buildActionMask = 2147483647;
			files = (
				ADF3D4932BC5203F00437535 /* MyDecksViewController.swift in Sources */,
				ADF3D4AA2BC53E2300437535 /* CustomUIView.swift in Sources */,
				ADF3D4AB2BC53E2300437535 /* Font.swift in Sources */,
				ADF3D48F2BC5203F00437535 /* AppDelegate.swift in Sources */,
				AD67D1CA2BC5A26D004C1206 /* Flashcard.swift in Sources */,
				AD67D1C52BC5981C004C1206 /* RecentDeckCollectionViewCell.swift in Sources */,
				AD67D1C82BC59FFD004C1206 /* Deck.swift in Sources */,
				ADF3D4A82BC53E2300437535 /* CustomBlurView.swift in Sources */,
				ADF3D4912BC5203F00437535 /* SceneDelegate.swift in Sources */,
				ADF3D4A92BC53E2300437535 /* CustomImageView.swift in Sources */,
			);
			runOnlyForDeploymentPostprocessing = 0;
		};
/* End PBXSourcesBuildPhase section */

/* Begin PBXVariantGroup section */
		ADF3D4942BC5203F00437535 /* Main.storyboard */ = {
			isa = PBXVariantGroup;
			children = (
				ADF3D4952BC5203F00437535 /* Base */,
			);
			name = Main.storyboard;
			sourceTree = "<group>";
		};
		ADF3D4992BC5204100437535 /* LaunchScreen.storyboard */ = {
			isa = PBXVariantGroup;
			children = (
				ADF3D49A2BC5204100437535 /* Base */,
			);
			name = LaunchScreen.storyboard;
			sourceTree = "<group>";
		};
/* End PBXVariantGroup section */

/* Begin XCBuildConfiguration section */
		ADF3D49D2BC5204100437535 /* Debug */ = {
			isa = XCBuildConfiguration;
			buildSettings = {
				ALWAYS_SEARCH_USER_PATHS = NO;
				ASSETCATALOG_COMPILER_GENERATE_SWIFT_ASSET_SYMBOL_EXTENSIONS = YES;
				CLANG_ANALYZER_NONNULL = YES;
				CLANG_ANALYZER_NUMBER_OBJECT_CONVERSION = YES_AGGRESSIVE;
				CLANG_CXX_LANGUAGE_STANDARD = "gnu++20";
				CLANG_ENABLE_MODULES = YES;
				CLANG_ENABLE_OBJC_ARC = YES;
				CLANG_ENABLE_OBJC_WEAK = YES;
				CLANG_WARN_BLOCK_CAPTURE_AUTORELEASING = YES;
				CLANG_WARN_BOOL_CONVERSION = YES;
				CLANG_WARN_COMMA = YES;
				CLANG_WARN_CONSTANT_CONVERSION = YES;
				CLANG_WARN_DEPRECATED_OBJC_IMPLEMENTATIONS = YES;
				CLANG_WARN_DIRECT_OBJC_ISA_USAGE = YES_ERROR;
				CLANG_WARN_DOCUMENTATION_COMMENTS = YES;
				CLANG_WARN_EMPTY_BODY = YES;
				CLANG_WARN_ENUM_CONVERSION = YES;
				CLANG_WARN_INFINITE_RECURSION = YES;
				CLANG_WARN_INT_CONVERSION = YES;
				CLANG_WARN_NON_LITERAL_NULL_CONVERSION = YES;
				CLANG_WARN_OBJC_IMPLICIT_RETAIN_SELF = YES;
				CLANG_WARN_OBJC_LITERAL_CONVERSION = YES;
				CLANG_WARN_OBJC_ROOT_CLASS = YES_ERROR;
				CLANG_WARN_QUOTED_INCLUDE_IN_FRAMEWORK_HEADER = YES;
				CLANG_WARN_RANGE_LOOP_ANALYSIS = YES;
				CLANG_WARN_STRICT_PROTOTYPES = YES;
				CLANG_WARN_SUSPICIOUS_MOVE = YES;
				CLANG_WARN_UNGUARDED_AVAILABILITY = YES_AGGRESSIVE;
				CLANG_WARN_UNREACHABLE_CODE = YES;
				CLANG_WARN__DUPLICATE_METHOD_MATCH = YES;
				COPY_PHASE_STRIP = NO;
				DEBUG_INFORMATION_FORMAT = dwarf;
				ENABLE_STRICT_OBJC_MSGSEND = YES;
				ENABLE_TESTABILITY = YES;
				ENABLE_USER_SCRIPT_SANDBOXING = YES;
				GCC_C_LANGUAGE_STANDARD = gnu17;
				GCC_DYNAMIC_NO_PIC = NO;
				GCC_NO_COMMON_BLOCKS = YES;
				GCC_OPTIMIZATION_LEVEL = 0;
				GCC_PREPROCESSOR_DEFINITIONS = (
					"DEBUG=1",
					"$(inherited)",
				);
				GCC_WARN_64_TO_32_BIT_CONVERSION = YES;
				GCC_WARN_ABOUT_RETURN_TYPE = YES_ERROR;
				GCC_WARN_UNDECLARED_SELECTOR = YES;
				GCC_WARN_UNINITIALIZED_AUTOS = YES_AGGRESSIVE;
				GCC_WARN_UNUSED_FUNCTION = YES;
				GCC_WARN_UNUSED_VARIABLE = YES;
				IPHONEOS_DEPLOYMENT_TARGET = 17.4;
				LOCALIZATION_PREFERS_STRING_CATALOGS = YES;
				MTL_ENABLE_DEBUG_INFO = INCLUDE_SOURCE;
				MTL_FAST_MATH = YES;
				ONLY_ACTIVE_ARCH = YES;
				SDKROOT = iphoneos;
				SWIFT_ACTIVE_COMPILATION_CONDITIONS = "DEBUG $(inherited)";
				SWIFT_OPTIMIZATION_LEVEL = "-Onone";
			};
			name = Debug;
		};
		ADF3D49E2BC5204100437535 /* Release */ = {
			isa = XCBuildConfiguration;
			buildSettings = {
				ALWAYS_SEARCH_USER_PATHS = NO;
				ASSETCATALOG_COMPILER_GENERATE_SWIFT_ASSET_SYMBOL_EXTENSIONS = YES;
				CLANG_ANALYZER_NONNULL = YES;
				CLANG_ANALYZER_NUMBER_OBJECT_CONVERSION = YES_AGGRESSIVE;
				CLANG_CXX_LANGUAGE_STANDARD = "gnu++20";
				CLANG_ENABLE_MODULES = YES;
				CLANG_ENABLE_OBJC_ARC = YES;
				CLANG_ENABLE_OBJC_WEAK = YES;
				CLANG_WARN_BLOCK_CAPTURE_AUTORELEASING = YES;
				CLANG_WARN_BOOL_CONVERSION = YES;
				CLANG_WARN_COMMA = YES;
				CLANG_WARN_CONSTANT_CONVERSION = YES;
				CLANG_WARN_DEPRECATED_OBJC_IMPLEMENTATIONS = YES;
				CLANG_WARN_DIRECT_OBJC_ISA_USAGE = YES_ERROR;
				CLANG_WARN_DOCUMENTATION_COMMENTS = YES;
				CLANG_WARN_EMPTY_BODY = YES;
				CLANG_WARN_ENUM_CONVERSION = YES;
				CLANG_WARN_INFINITE_RECURSION = YES;
				CLANG_WARN_INT_CONVERSION = YES;
				CLANG_WARN_NON_LITERAL_NULL_CONVERSION = YES;
				CLANG_WARN_OBJC_IMPLICIT_RETAIN_SELF = YES;
				CLANG_WARN_OBJC_LITERAL_CONVERSION = YES;
				CLANG_WARN_OBJC_ROOT_CLASS = YES_ERROR;
				CLANG_WARN_QUOTED_INCLUDE_IN_FRAMEWORK_HEADER = YES;
				CLANG_WARN_RANGE_LOOP_ANALYSIS = YES;
				CLANG_WARN_STRICT_PROTOTYPES = YES;
				CLANG_WARN_SUSPICIOUS_MOVE = YES;
				CLANG_WARN_UNGUARDED_AVAILABILITY = YES_AGGRESSIVE;
				CLANG_WARN_UNREACHABLE_CODE = YES;
				CLANG_WARN__DUPLICATE_METHOD_MATCH = YES;
				COPY_PHASE_STRIP = NO;
				DEBUG_INFORMATION_FORMAT = "dwarf-with-dsym";
				ENABLE_NS_ASSERTIONS = NO;
				ENABLE_STRICT_OBJC_MSGSEND = YES;
				ENABLE_USER_SCRIPT_SANDBOXING = YES;
				GCC_C_LANGUAGE_STANDARD = gnu17;
				GCC_NO_COMMON_BLOCKS = YES;
				GCC_WARN_64_TO_32_BIT_CONVERSION = YES;
				GCC_WARN_ABOUT_RETURN_TYPE = YES_ERROR;
				GCC_WARN_UNDECLARED_SELECTOR = YES;
				GCC_WARN_UNINITIALIZED_AUTOS = YES_AGGRESSIVE;
				GCC_WARN_UNUSED_FUNCTION = YES;
				GCC_WARN_UNUSED_VARIABLE = YES;
				IPHONEOS_DEPLOYMENT_TARGET = 17.4;
				LOCALIZATION_PREFERS_STRING_CATALOGS = YES;
				MTL_ENABLE_DEBUG_INFO = NO;
				MTL_FAST_MATH = YES;
				SDKROOT = iphoneos;
				SWIFT_COMPILATION_MODE = wholemodule;
				VALIDATE_PRODUCT = YES;
			};
			name = Release;
		};
		ADF3D4A02BC5204100437535 /* Debug */ = {
			isa = XCBuildConfiguration;
			buildSettings = {
				ASSETCATALOG_COMPILER_APPICON_NAME = AppIcon;
				ASSETCATALOG_COMPILER_GLOBAL_ACCENT_COLOR_NAME = AccentColor;
				CODE_SIGN_STYLE = Automatic;
				CURRENT_PROJECT_VERSION = 1;
				DEVELOPMENT_TEAM = L2LDQS9L5L;
				GENERATE_INFOPLIST_FILE = YES;
				INFOPLIST_FILE = flashcards/Info.plist;
				INFOPLIST_KEY_UIApplicationSupportsIndirectInputEvents = YES;
				INFOPLIST_KEY_UILaunchStoryboardName = LaunchScreen;
				INFOPLIST_KEY_UIMainStoryboardFile = Main;
				INFOPLIST_KEY_UISupportedInterfaceOrientations_iPad = "UIInterfaceOrientationPortrait UIInterfaceOrientationPortraitUpsideDown UIInterfaceOrientationLandscapeLeft UIInterfaceOrientationLandscapeRight";
				INFOPLIST_KEY_UISupportedInterfaceOrientations_iPhone = "UIInterfaceOrientationPortrait UIInterfaceOrientationLandscapeLeft UIInterfaceOrientationLandscapeRight";
				IPHONEOS_DEPLOYMENT_TARGET = 17.0;
				LD_RUNPATH_SEARCH_PATHS = (
					"$(inherited)",
					"@executable_path/Frameworks",
				);
				MARKETING_VERSION = 1.0;
				PRODUCT_BUNDLE_IDENTIFIER = com.danuja.flashcards;
				PRODUCT_NAME = "$(TARGET_NAME)";
				SWIFT_EMIT_LOC_STRINGS = YES;
				SWIFT_VERSION = 5.0;
				TARGETED_DEVICE_FAMILY = "1,2";
			};
			name = Debug;
		};
		ADF3D4A12BC5204100437535 /* Release */ = {
			isa = XCBuildConfiguration;
			buildSettings = {
				ASSETCATALOG_COMPILER_APPICON_NAME = AppIcon;
				ASSETCATALOG_COMPILER_GLOBAL_ACCENT_COLOR_NAME = AccentColor;
				CODE_SIGN_STYLE = Automatic;
				CURRENT_PROJECT_VERSION = 1;
				DEVELOPMENT_TEAM = L2LDQS9L5L;
				GENERATE_INFOPLIST_FILE = YES;
				INFOPLIST_FILE = flashcards/Info.plist;
				INFOPLIST_KEY_UIApplicationSupportsIndirectInputEvents = YES;
				INFOPLIST_KEY_UILaunchStoryboardName = LaunchScreen;
				INFOPLIST_KEY_UIMainStoryboardFile = Main;
				INFOPLIST_KEY_UISupportedInterfaceOrientations_iPad = "UIInterfaceOrientationPortrait UIInterfaceOrientationPortraitUpsideDown UIInterfaceOrientationLandscapeLeft UIInterfaceOrientationLandscapeRight";
				INFOPLIST_KEY_UISupportedInterfaceOrientations_iPhone = "UIInterfaceOrientationPortrait UIInterfaceOrientationLandscapeLeft UIInterfaceOrientationLandscapeRight";
				IPHONEOS_DEPLOYMENT_TARGET = 17.0;
				LD_RUNPATH_SEARCH_PATHS = (
					"$(inherited)",
					"@executable_path/Frameworks",
				);
				MARKETING_VERSION = 1.0;
				PRODUCT_BUNDLE_IDENTIFIER = com.danuja.flashcards;
				PRODUCT_NAME = "$(TARGET_NAME)";
				SWIFT_EMIT_LOC_STRINGS = YES;
				SWIFT_VERSION = 5.0;
				TARGETED_DEVICE_FAMILY = "1,2";
			};
			name = Release;
		};
/* End XCBuildConfiguration section */

/* Begin XCConfigurationList section */
		ADF3D4862BC5203F00437535 /* Build configuration list for PBXProject "flashcards" */ = {
			isa = XCConfigurationList;
			buildConfigurations = (
				ADF3D49D2BC5204100437535 /* Debug */,
				ADF3D49E2BC5204100437535 /* Release */,
			);
			defaultConfigurationIsVisible = 0;
			defaultConfigurationName = Release;
		};
		ADF3D49F2BC5204100437535 /* Build configuration list for PBXNativeTarget "flashcards" */ = {
			isa = XCConfigurationList;
			buildConfigurations = (
				ADF3D4A02BC5204100437535 /* Debug */,
				ADF3D4A12BC5204100437535 /* Release */,
			);
			defaultConfigurationIsVisible = 0;
			defaultConfigurationName = Release;
		};
/* End XCConfigurationList section */
	};
	rootObject = ADF3D4832BC5203F00437535 /* Project object */;
}
