// !$*UTF8*$!
{
	archiveVersion = 1;
	classes = {
	};
	objectVersion = 56;
	objects = {

/* Begin PBXBuildFile section */
		AD24B64E2BCA689A00168BD7 /* CustomTextView.swift in Sources */ = {isa = PBXBuildFile; fileRef = AD24B64D2BCA689A00168BD7 /* CustomTextView.swift */; };
		AD24B6502BCA6CB100168BD7 /* AddNewFlashcardViewController.swift in Sources */ = {isa = PBXBuildFile; fileRef = AD24B64F2BCA6CB100168BD7 /* AddNewFlashcardViewController.swift */; };
		AD2971652BC67BBB00CC052C /* FlashcardsViewController.swift in Sources */ = {isa = PBXBuildFile; fileRef = AD2971642BC67BBB00CC052C /* FlashcardsViewController.swift */; };
		AD455B182BC8127600CC7410 /* ToastManager.swift in Sources */ = {isa = PBXBuildFile; fileRef = AD455B172BC8127600CC7410 /* ToastManager.swift */; };
		AD48BF1A2BC5CBAC009210D4 /* DecksTableViewCell.swift in Sources */ = {isa = PBXBuildFile; fileRef = AD48BF192BC5CBAC009210D4 /* DecksTableViewCell.swift */; };
		AD4B697A2BC9B23900617DBF /* AddNewDeckViewController.swift in Sources */ = {isa = PBXBuildFile; fileRef = AD4B69792BC9B23900617DBF /* AddNewDeckViewController.swift */; };
		AD67D1C52BC5981C004C1206 /* RecentDeckCollectionViewCell.swift in Sources */ = {isa = PBXBuildFile; fileRef = AD67D1C42BC5981C004C1206 /* RecentDeckCollectionViewCell.swift */; };
		ADBF317B2BCB0E8F006FE0E9 /* Flashcard+CoreDataClass.swift in Sources */ = {isa = PBXBuildFile; fileRef = ADBF31772BCB0E8F006FE0E9 /* Flashcard+CoreDataClass.swift */; };
		ADBF317C2BCB0E8F006FE0E9 /* Flashcard+CoreDataProperties.swift in Sources */ = {isa = PBXBuildFile; fileRef = ADBF31782BCB0E8F006FE0E9 /* Flashcard+CoreDataProperties.swift */; };
		ADBF317D2BCB0E8F006FE0E9 /* Deck+CoreDataClass.swift in Sources */ = {isa = PBXBuildFile; fileRef = ADBF31792BCB0E8F006FE0E9 /* Deck+CoreDataClass.swift */; };
		ADBF317E2BCB0E8F006FE0E9 /* Deck+CoreDataProperties.swift in Sources */ = {isa = PBXBuildFile; fileRef = ADBF317A2BCB0E8F006FE0E9 /* Deck+CoreDataProperties.swift */; };
		ADBF31802BCB17B6006FE0E9 /* DeckService.swift in Sources */ = {isa = PBXBuildFile; fileRef = ADBF317F2BCB17B6006FE0E9 /* DeckService.swift */; };
		ADBF31822BCB1940006FE0E9 /* FlashcardService.swift in Sources */ = {isa = PBXBuildFile; fileRef = ADBF31812BCB1940006FE0E9 /* FlashcardService.swift */; };
		ADBF31852BCBBDD9006FE0E9 /* NotificationExtensions.swift in Sources */ = {isa = PBXBuildFile; fileRef = ADBF31842BCBBDD9006FE0E9 /* NotificationExtensions.swift */; };
		ADBF31872BCBE64D006FE0E9 /* ViewControllerExtentions.swift in Sources */ = {isa = PBXBuildFile; fileRef = ADBF31862BCBE64D006FE0E9 /* ViewControllerExtentions.swift */; };
		ADC90BA02BC6D73400F21E69 /* FlashcardTableViewCell.swift in Sources */ = {isa = PBXBuildFile; fileRef = ADC90B9F2BC6D73400F21E69 /* FlashcardTableViewCell.swift */; };
		ADC90BA22BC6F2C000F21E69 /* GradientButton.swift in Sources */ = {isa = PBXBuildFile; fileRef = ADC90BA12BC6F2C000F21E69 /* GradientButton.swift */; };
		ADE802242BCAEED100C87EBA /* Model.xcdatamodeld in Sources */ = {isa = PBXBuildFile; fileRef = ADE802222BCAEED100C87EBA /* Model.xcdatamodeld */; };
		ADE802292BCAF06F00C87EBA /* CoreData.framework in Frameworks */ = {isa = PBXBuildFile; fileRef = ADE802282BCAF06F00C87EBA /* CoreData.framework */; };
		ADEE8CEF2BC7097100173A90 /* SwippableViewController.swift in Sources */ = {isa = PBXBuildFile; fileRef = ADEE8CEE2BC7097100173A90 /* SwippableViewController.swift */; };
		ADEE8CF22BC70B1400173A90 /* SwappableCard.swift in Sources */ = {isa = PBXBuildFile; fileRef = ADEE8CF12BC70B1400173A90 /* SwappableCard.swift */; };
		ADF3D48F2BC5203F00437535 /* AppDelegate.swift in Sources */ = {isa = PBXBuildFile; fileRef = ADF3D48E2BC5203F00437535 /* AppDelegate.swift */; };
		ADF3D4912BC5203F00437535 /* SceneDelegate.swift in Sources */ = {isa = PBXBuildFile; fileRef = ADF3D4902BC5203F00437535 /* SceneDelegate.swift */; };
		ADF3D4932BC5203F00437535 /* MyDecksViewController.swift in Sources */ = {isa = PBXBuildFile; fileRef = ADF3D4922BC5203F00437535 /* MyDecksViewController.swift */; };
		ADF3D4962BC5203F00437535 /* Base in Resources */ = {isa = PBXBuildFile; fileRef = ADF3D4952BC5203F00437535 /* Base */; };
		ADF3D4982BC5204100437535 /* Assets.xcassets in Resources */ = {isa = PBXBuildFile; fileRef = ADF3D4972BC5204100437535 /* Assets.xcassets */; };
		ADF3D49B2BC5204100437535 /* Base in Resources */ = {isa = PBXBuildFile; fileRef = ADF3D49A2BC5204100437535 /* Base */; };
		ADF3D4A82BC53E2300437535 /* CustomBlurView.swift in Sources */ = {isa = PBXBuildFile; fileRef = ADF3D4A32BC53E2300437535 /* CustomBlurView.swift */; };
		ADF3D4A92BC53E2300437535 /* CustomImageView.swift in Sources */ = {isa = PBXBuildFile; fileRef = ADF3D4A42BC53E2300437535 /* CustomImageView.swift */; };
		ADF3D4AA2BC53E2300437535 /* CustomUIView.swift in Sources */ = {isa = PBXBuildFile; fileRef = ADF3D4A52BC53E2300437535 /* CustomUIView.swift */; };
		ADF3D4AB2BC53E2300437535 /* Font.swift in Sources */ = {isa = PBXBuildFile; fileRef = ADF3D4A62BC53E2300437535 /* Font.swift */; };
/* End PBXBuildFile section */

/* Begin PBXFileReference section */
		AD24B64D2BCA689A00168BD7 /* CustomTextView.swift */ = {isa = PBXFileReference; lastKnownFileType = sourcecode.swift; path = CustomTextView.swift; sourceTree = "<group>"; };
		AD24B64F2BCA6CB100168BD7 /* AddNewFlashcardViewController.swift */ = {isa = PBXFileReference; lastKnownFileType = sourcecode.swift; path = AddNewFlashcardViewController.swift; sourceTree = "<group>"; };
		AD2971642BC67BBB00CC052C /* FlashcardsViewController.swift */ = {isa = PBXFileReference; lastKnownFileType = sourcecode.swift; path = FlashcardsViewController.swift; sourceTree = "<group>"; };
		AD455B172BC8127600CC7410 /* ToastManager.swift */ = {isa = PBXFileReference; lastKnownFileType = sourcecode.swift; path = ToastManager.swift; sourceTree = "<group>"; };
		AD48BF192BC5CBAC009210D4 /* DecksTableViewCell.swift */ = {isa = PBXFileReference; lastKnownFileType = sourcecode.swift; path = DecksTableViewCell.swift; sourceTree = "<group>"; };
		AD4B69792BC9B23900617DBF /* AddNewDeckViewController.swift */ = {isa = PBXFileReference; lastKnownFileType = sourcecode.swift; path = AddNewDeckViewController.swift; sourceTree = "<group>"; };
		AD67D1C42BC5981C004C1206 /* RecentDeckCollectionViewCell.swift */ = {isa = PBXFileReference; lastKnownFileType = sourcecode.swift; path = RecentDeckCollectionViewCell.swift; sourceTree = "<group>"; };
		ADBF31772BCB0E8F006FE0E9 /* Flashcard+CoreDataClass.swift */ = {isa = PBXFileReference; lastKnownFileType = sourcecode.swift; path = "Flashcard+CoreDataClass.swift"; sourceTree = SOURCE_ROOT; };
		ADBF31782BCB0E8F006FE0E9 /* Flashcard+CoreDataProperties.swift */ = {isa = PBXFileReference; lastKnownFileType = sourcecode.swift; path = "Flashcard+CoreDataProperties.swift"; sourceTree = SOURCE_ROOT; };
		ADBF31792BCB0E8F006FE0E9 /* Deck+CoreDataClass.swift */ = {isa = PBXFileReference; lastKnownFileType = sourcecode.swift; path = "Deck+CoreDataClass.swift"; sourceTree = SOURCE_ROOT; };
		ADBF317A2BCB0E8F006FE0E9 /* Deck+CoreDataProperties.swift */ = {isa = PBXFileReference; lastKnownFileType = sourcecode.swift; path = "Deck+CoreDataProperties.swift"; sourceTree = SOURCE_ROOT; };
		ADBF317F2BCB17B6006FE0E9 /* DeckService.swift */ = {isa = PBXFileReference; lastKnownFileType = sourcecode.swift; path = DeckService.swift; sourceTree = "<group>"; };
		ADBF31812BCB1940006FE0E9 /* FlashcardService.swift */ = {isa = PBXFileReference; lastKnownFileType = sourcecode.swift; path = FlashcardService.swift; sourceTree = "<group>"; };
		ADBF31842BCBBDD9006FE0E9 /* NotificationExtensions.swift */ = {isa = PBXFileReference; lastKnownFileType = sourcecode.swift; path = NotificationExtensions.swift; sourceTree = "<group>"; };
		ADBF31862BCBE64D006FE0E9 /* ViewControllerExtentions.swift */ = {isa = PBXFileReference; lastKnownFileType = sourcecode.swift; path = ViewControllerExtentions.swift; sourceTree = "<group>"; };
		ADC90B9F2BC6D73400F21E69 /* FlashcardTableViewCell.swift */ = {isa = PBXFileReference; lastKnownFileType = sourcecode.swift; path = FlashcardTableViewCell.swift; sourceTree = "<group>"; };
		ADC90BA12BC6F2C000F21E69 /* GradientButton.swift */ = {isa = PBXFileReference; lastKnownFileType = sourcecode.swift; path = GradientButton.swift; sourceTree = "<group>"; };
		ADE802232BCAEED100C87EBA /* Model.xcdatamodel */ = {isa = PBXFileReference; lastKnownFileType = wrapper.xcdatamodel; path = Model.xcdatamodel; sourceTree = "<group>"; };
		ADE802282BCAF06F00C87EBA /* CoreData.framework */ = {isa = PBXFileReference; lastKnownFileType = wrapper.framework; name = CoreData.framework; path = System/Library/Frameworks/CoreData.framework; sourceTree = SDKROOT; };
		ADEE8CEE2BC7097100173A90 /* SwippableViewController.swift */ = {isa = PBXFileReference; lastKnownFileType = sourcecode.swift; path = SwippableViewController.swift; sourceTree = "<group>"; };
		ADEE8CF12BC70B1400173A90 /* SwappableCard.swift */ = {isa = PBXFileReference; lastKnownFileType = sourcecode.swift; path = SwappableCard.swift; sourceTree = "<group>"; };
		ADF3D48B2BC5203F00437535 /* flashcards.app */ = {isa = PBXFileReference; explicitFileType = wrapper.application; includeInIndex = 0; path = flashcards.app; sourceTree = BUILT_PRODUCTS_DIR; };
		ADF3D48E2BC5203F00437535 /* AppDelegate.swift */ = {isa = PBXFileReference; lastKnownFileType = sourcecode.swift; path = AppDelegate.swift; sourceTree = "<group>"; };
		ADF3D4902BC5203F00437535 /* SceneDelegate.swift */ = {isa = PBXFileReference; lastKnownFileType = sourcecode.swift; path = SceneDelegate.swift; sourceTree = "<group>"; };
		ADF3D4922BC5203F00437535 /* MyDecksViewController.swift */ = {isa = PBXFileReference; lastKnownFileType = sourcecode.swift; path = MyDecksViewController.swift; sourceTree = "<group>"; };
		ADF3D4952BC5203F00437535 /* Base */ = {isa = PBXFileReference; lastKnownFileType = file.storyboard; name = Base; path = Base.lproj/Main.storyboard; sourceTree = "<group>"; };
		ADF3D4972BC5204100437535 /* Assets.xcassets */ = {isa = PBXFileReference; lastKnownFileType = folder.assetcatalog; path = Assets.xcassets; sourceTree = "<group>"; };
		ADF3D49A2BC5204100437535 /* Base */ = {isa = PBXFileReference; lastKnownFileType = file.storyboard; name = Base; path = Base.lproj/LaunchScreen.storyboard; sourceTree = "<group>"; };
		ADF3D49C2BC5204100437535 /* Info.plist */ = {isa = PBXFileReference; lastKnownFileType = text.plist.xml; path = Info.plist; sourceTree = "<group>"; };
		ADF3D4A32BC53E2300437535 /* CustomBlurView.swift */ = {isa = PBXFileReference; fileEncoding = 4; lastKnownFileType = sourcecode.swift; path = CustomBlurView.swift; sourceTree = "<group>"; };
		ADF3D4A42BC53E2300437535 /* CustomImageView.swift */ = {isa = PBXFileReference; fileEncoding = 4; lastKnownFileType = sourcecode.swift; path = CustomImageView.swift; sourceTree = "<group>"; };
		ADF3D4A52BC53E2300437535 /* CustomUIView.swift */ = {isa = PBXFileReference; fileEncoding = 4; lastKnownFileType = sourcecode.swift; path = CustomUIView.swift; sourceTree = "<group>"; };
		ADF3D4A62BC53E2300437535 /* Font.swift */ = {isa = PBXFileReference; fileEncoding = 4; lastKnownFileType = sourcecode.swift; path = Font.swift; sourceTree = "<group>"; };
/* End PBXFileReference section */

/* Begin PBXFrameworksBuildPhase section */
		ADF3D4882BC5203F00437535 /* Frameworks */ = {
			isa = PBXFrameworksBuildPhase;
			buildActionMask = 2147483647;
			files = (
				ADE802292BCAF06F00C87EBA /* CoreData.framework in Frameworks */,
			);
			runOnlyForDeploymentPostprocessing = 0;
		};
/* End PBXFrameworksBuildPhase section */

/* Begin PBXGroup section */
		AD67D1C32BC58C74004C1206 /* Cells */ = {
			isa = PBXGroup;
			children = (
				AD67D1C42BC5981C004C1206 /* RecentDeckCollectionViewCell.swift */,
				AD48BF192BC5CBAC009210D4 /* DecksTableViewCell.swift */,
				ADC90B9F2BC6D73400F21E69 /* FlashcardTableViewCell.swift */,
			);
			path = Cells;
			sourceTree = "<group>";
		};
		AD67D1C62BC59FDB004C1206 /* Models */ = {
			isa = PBXGroup;
			children = (
				ADE802262BCAF02300C87EBA /* Entities */,
				ADE802252BCAF01200C87EBA /* Core Data Models */,
			);
			path = Models;
			sourceTree = "<group>";
		};
		ADBF31832BCBBDC1006FE0E9 /* Extensions */ = {
			isa = PBXGroup;
			children = (
				ADBF31842BCBBDD9006FE0E9 /* NotificationExtensions.swift */,
				ADBF31862BCBE64D006FE0E9 /* ViewControllerExtentions.swift */,
			);
			path = Extensions;
			sourceTree = "<group>";
		};
		ADE802252BCAF01200C87EBA /* Core Data Models */ = {
			isa = PBXGroup;
			children = (
				ADE802222BCAEED100C87EBA /* Model.xcdatamodeld */,
			);
			path = "Core Data Models";
			sourceTree = "<group>";
		};
		ADE802262BCAF02300C87EBA /* Entities */ = {
			isa = PBXGroup;
			children = (
				ADBF31772BCB0E8F006FE0E9 /* Flashcard+CoreDataClass.swift */,
				ADBF31782BCB0E8F006FE0E9 /* Flashcard+CoreDataProperties.swift */,
				ADBF31792BCB0E8F006FE0E9 /* Deck+CoreDataClass.swift */,
				ADBF317A2BCB0E8F006FE0E9 /* Deck+CoreDataProperties.swift */,
			);
			path = Entities;
			sourceTree = "<group>";
		};
		ADE802272BCAF06F00C87EBA /* Frameworks */ = {
			isa = PBXGroup;
			children = (
				ADE802282BCAF06F00C87EBA /* CoreData.framework */,
			);
			name = Frameworks;
			sourceTree = "<group>";
		};
		ADE802322BCB039500C87EBA /* Services */ = {
			isa = PBXGroup;
			children = (
				ADBF317F2BCB17B6006FE0E9 /* DeckService.swift */,
				ADBF31812BCB1940006FE0E9 /* FlashcardService.swift */,
			);
			path = Services;
			sourceTree = "<group>";
		};
		ADEE8CF02BC70AF300173A90 /* Views */ = {
			isa = PBXGroup;
			children = (
				ADF3D4942BC5203F00437535 /* Main.storyboard */,
				ADF3D4992BC5204100437535 /* LaunchScreen.storyboard */,
				ADEE8CF12BC70B1400173A90 /* SwappableCard.swift */,
			);
			path = Views;
			sourceTree = "<group>";
		};
		ADF3D4822BC5203F00437535 = {
			isa = PBXGroup;
			children = (
				ADF3D48D2BC5203F00437535 /* flashcards */,
				ADF3D48C2BC5203F00437535 /* Products */,
				ADE802272BCAF06F00C87EBA /* Frameworks */,
			);
			sourceTree = "<group>";
		};
		ADF3D48C2BC5203F00437535 /* Products */ = {
			isa = PBXGroup;
			children = (
				ADF3D48B2BC5203F00437535 /* flashcards.app */,
			);
			name = Products;
			sourceTree = "<group>";
		};
		ADF3D48D2BC5203F00437535 /* flashcards */ = {
			isa = PBXGroup;
			children = (
				ADBF31832BCBBDC1006FE0E9 /* Extensions */,
				ADE802322BCB039500C87EBA /* Services */,
				ADEE8CF02BC70AF300173A90 /* Views */,
				AD67D1C62BC59FDB004C1206 /* Models */,
				AD67D1C32BC58C74004C1206 /* Cells */,
				ADF3D4A72BC53E2300437535 /* Helpers */,
				ADF3D4A22BC53DD000437535 /* View Controllers */,
				ADF3D48E2BC5203F00437535 /* AppDelegate.swift */,
				ADF3D4902BC5203F00437535 /* SceneDelegate.swift */,
				ADF3D4972BC5204100437535 /* Assets.xcassets */,
				ADF3D49C2BC5204100437535 /* Info.plist */,
			);
			path = flashcards;
			sourceTree = "<group>";
		};
		ADF3D4A22BC53DD000437535 /* View Controllers */ = {
			isa = PBXGroup;
			children = (
				ADF3D4922BC5203F00437535 /* MyDecksViewController.swift */,
				AD2971642BC67BBB00CC052C /* FlashcardsViewController.swift */,
				ADEE8CEE2BC7097100173A90 /* SwippableViewController.swift */,
				AD4B69792BC9B23900617DBF /* AddNewDeckViewController.swift */,
				AD24B64F2BCA6CB100168BD7 /* AddNewFlashcardViewController.swift */,
			);
			path = "View Controllers";
			sourceTree = "<group>";
		};
		ADF3D4A72BC53E2300437535 /* Helpers */ = {
			isa = PBXGroup;
			children = (
				ADF3D4A32BC53E2300437535 /* CustomBlurView.swift */,
				ADF3D4A42BC53E2300437535 /* CustomImageView.swift */,
				ADF3D4A52BC53E2300437535 /* CustomUIView.swift */,
				AD24B64D2BCA689A00168BD7 /* CustomTextView.swift */,
				ADF3D4A62BC53E2300437535 /* Font.swift */,
				ADC90BA12BC6F2C000F21E69 /* GradientButton.swift */,
				AD455B172BC8127600CC7410 /* ToastManager.swift */,
			);
			path = Helpers;
			sourceTree = "<group>";
		};
/* End PBXGroup section */

/* Begin PBXNativeTarget section */
		ADF3D48A2BC5203F00437535 /* flashcards */ = {
			isa = PBXNativeTarget;
			buildConfigurationList = ADF3D49F2BC5204100437535 /* Build configuration list for PBXNativeTarget "flashcards" */;
			buildPhases = (
				ADF3D4872BC5203F00437535 /* Sources */,
				ADF3D4882BC5203F00437535 /* Frameworks */,
				ADF3D4892BC5203F00437535 /* Resources */,
			);
			buildRules = (
			);
			dependencies = (
			);
			name = flashcards;
			productName = flashcards;
			productReference = ADF3D48B2BC5203F00437535 /* flashcards.app */;
			productType = "com.apple.product-type.application";
		};
/* End PBXNativeTarget section */

/* Begin PBXProject section */
		ADF3D4832BC5203F00437535 /* Project object */ = {
			isa = PBXProject;
			attributes = {
				BuildIndependentTargetsInParallel = 1;
				LastSwiftUpdateCheck = 1530;
				LastUpgradeCheck = 1530;
				TargetAttributes = {
					ADF3D48A2BC5203F00437535 = {
						CreatedOnToolsVersion = 15.3;
					};
				};
			};
			buildConfigurationList = ADF3D4862BC5203F00437535 /* Build configuration list for PBXProject "flashcards" */;
			compatibilityVersion = "Xcode 14.0";
			developmentRegion = en;
			hasScannedForEncodings = 0;
			knownRegions = (
				en,
				Base,
			);
			mainGroup = ADF3D4822BC5203F00437535;
			productRefGroup = ADF3D48C2BC5203F00437535 /* Products */;
			projectDirPath = "";
			projectRoot = "";
			targets = (
				ADF3D48A2BC5203F00437535 /* flashcards */,
			);
		};
/* End PBXProject section */

/* Begin PBXResourcesBuildPhase section */
		ADF3D4892BC5203F00437535 /* Resources */ = {
			isa = PBXResourcesBuildPhase;
			buildActionMask = 2147483647;
			files = (
				ADF3D4982BC5204100437535 /* Assets.xcassets in Resources */,
				ADF3D49B2BC5204100437535 /* Base in Resources */,
				ADF3D4962BC5203F00437535 /* Base in Resources */,
			);
			runOnlyForDeploymentPostprocessing = 0;
		};
/* End PBXResourcesBuildPhase section */

/* Begin PBXSourcesBuildPhase section */
		ADF3D4872BC5203F00437535 /* Sources */ = {
			isa = PBXSourcesBuildPhase;
			buildActionMask = 2147483647;
			files = (
				AD24B6502BCA6CB100168BD7 /* AddNewFlashcardViewController.swift in Sources */,
				ADBF31822BCB1940006FE0E9 /* FlashcardService.swift in Sources */,
				ADBF31872BCBE64D006FE0E9 /* ViewControllerExtentions.swift in Sources */,
				AD24B64E2BCA689A00168BD7 /* CustomTextView.swift in Sources */,
				ADF3D4932BC5203F00437535 /* MyDecksViewController.swift in Sources */,
				ADF3D4AA2BC53E2300437535 /* CustomUIView.swift in Sources */,
				ADF3D4AB2BC53E2300437535 /* Font.swift in Sources */,
				ADC90BA02BC6D73400F21E69 /* FlashcardTableViewCell.swift in Sources */,
				ADBF31802BCB17B6006FE0E9 /* DeckService.swift in Sources */,
				ADF3D48F2BC5203F00437535 /* AppDelegate.swift in Sources */,
				AD48BF1A2BC5CBAC009210D4 /* DecksTableViewCell.swift in Sources */,
				ADBF31852BCBBDD9006FE0E9 /* NotificationExtensions.swift in Sources */,
				ADEE8CEF2BC7097100173A90 /* SwippableViewController.swift in Sources */,
				ADEE8CF22BC70B1400173A90 /* SwappableCard.swift in Sources */,
				ADC90BA22BC6F2C000F21E69 /* GradientButton.swift in Sources */,
				AD67D1C52BC5981C004C1206 /* RecentDeckCollectionViewCell.swift in Sources */,
				AD2971652BC67BBB00CC052C /* FlashcardsViewController.swift in Sources */,
				ADF3D4A82BC53E2300437535 /* CustomBlurView.swift in Sources */,
				AD455B182BC8127600CC7410 /* ToastManager.swift in Sources */,
				ADBF317B2BCB0E8F006FE0E9 /* Flashcard+CoreDataClass.swift in Sources */,
				ADBF317C2BCB0E8F006FE0E9 /* Flashcard+CoreDataProperties.swift in Sources */,
				ADBF317D2BCB0E8F006FE0E9 /* Deck+CoreDataClass.swift in Sources */,
				ADBF317E2BCB0E8F006FE0E9 /* Deck+CoreDataProperties.swift in Sources */,
				ADE802242BCAEED100C87EBA /* Model.xcdatamodeld in Sources */,
				ADF3D4912BC5203F00437535 /* SceneDelegate.swift in Sources */,
				AD4B697A2BC9B23900617DBF /* AddNewDeckViewController.swift in Sources */,
				ADF3D4A92BC53E2300437535 /* CustomImageView.swift in Sources */,
			);
			runOnlyForDeploymentPostprocessing = 0;
		};
/* End PBXSourcesBuildPhase section */

/* Begin PBXVariantGroup section */
		ADF3D4942BC5203F00437535 /* Main.storyboard */ = {
			isa = PBXVariantGroup;
			children = (
				ADF3D4952BC5203F00437535 /* Base */,
			);
			name = Main.storyboard;
			sourceTree = "<group>";
		};
		ADF3D4992BC5204100437535 /* LaunchScreen.storyboard */ = {
			isa = PBXVariantGroup;
			children = (
				ADF3D49A2BC5204100437535 /* Base */,
			);
			name = LaunchScreen.storyboard;
			sourceTree = "<group>";
		};
/* End PBXVariantGroup section */

/* Begin XCBuildConfiguration section */
		ADF3D49D2BC5204100437535 /* Debug */ = {
			isa = XCBuildConfiguration;
			buildSettings = {
				ALWAYS_SEARCH_USER_PATHS = NO;
				ASSETCATALOG_COMPILER_GENERATE_SWIFT_ASSET_SYMBOL_EXTENSIONS = YES;
				CLANG_ANALYZER_NONNULL = YES;
				CLANG_ANALYZER_NUMBER_OBJECT_CONVERSION = YES_AGGRESSIVE;
				CLANG_CXX_LANGUAGE_STANDARD = "gnu++20";
				CLANG_ENABLE_MODULES = YES;
				CLANG_ENABLE_OBJC_ARC = YES;
				CLANG_ENABLE_OBJC_WEAK = YES;
				CLANG_WARN_BLOCK_CAPTURE_AUTORELEASING = YES;
				CLANG_WARN_BOOL_CONVERSION = YES;
				CLANG_WARN_COMMA = YES;
				CLANG_WARN_CONSTANT_CONVERSION = YES;
				CLANG_WARN_DEPRECATED_OBJC_IMPLEMENTATIONS = YES;
				CLANG_WARN_DIRECT_OBJC_ISA_USAGE = YES_ERROR;
				CLANG_WARN_DOCUMENTATION_COMMENTS = YES;
				CLANG_WARN_EMPTY_BODY = YES;
				CLANG_WARN_ENUM_CONVERSION = YES;
				CLANG_WARN_INFINITE_RECURSION = YES;
				CLANG_WARN_INT_CONVERSION = YES;
				CLANG_WARN_NON_LITERAL_NULL_CONVERSION = YES;
				CLANG_WARN_OBJC_IMPLICIT_RETAIN_SELF = YES;
				CLANG_WARN_OBJC_LITERAL_CONVERSION = YES;
				CLANG_WARN_OBJC_ROOT_CLASS = YES_ERROR;
				CLANG_WARN_QUOTED_INCLUDE_IN_FRAMEWORK_HEADER = YES;
				CLANG_WARN_RANGE_LOOP_ANALYSIS = YES;
				CLANG_WARN_STRICT_PROTOTYPES = YES;
				CLANG_WARN_SUSPICIOUS_MOVE = YES;
				CLANG_WARN_UNGUARDED_AVAILABILITY = YES_AGGRESSIVE;
				CLANG_WARN_UNREACHABLE_CODE = YES;
				CLANG_WARN__DUPLICATE_METHOD_MATCH = YES;
				COPY_PHASE_STRIP = NO;
				DEBUG_INFORMATION_FORMAT = dwarf;
				ENABLE_STRICT_OBJC_MSGSEND = YES;
				ENABLE_TESTABILITY = YES;
				ENABLE_USER_SCRIPT_SANDBOXING = YES;
				GCC_C_LANGUAGE_STANDARD = gnu17;
				GCC_DYNAMIC_NO_PIC = NO;
				GCC_NO_COMMON_BLOCKS = YES;
				GCC_OPTIMIZATION_LEVEL = 0;
				GCC_PREPROCESSOR_DEFINITIONS = (
					"DEBUG=1",
					"$(inherited)",
				);
				GCC_WARN_64_TO_32_BIT_CONVERSION = YES;
				GCC_WARN_ABOUT_RETURN_TYPE = YES_ERROR;
				GCC_WARN_UNDECLARED_SELECTOR = YES;
				GCC_WARN_UNINITIALIZED_AUTOS = YES_AGGRESSIVE;
				GCC_WARN_UNUSED_FUNCTION = YES;
				GCC_WARN_UNUSED_VARIABLE = YES;
				IPHONEOS_DEPLOYMENT_TARGET = 17.4;
				LOCALIZATION_PREFERS_STRING_CATALOGS = YES;
				MTL_ENABLE_DEBUG_INFO = INCLUDE_SOURCE;
				MTL_FAST_MATH = YES;
				ONLY_ACTIVE_ARCH = YES;
				SDKROOT = iphoneos;
				SWIFT_ACTIVE_COMPILATION_CONDITIONS = "DEBUG $(inherited)";
				SWIFT_OPTIMIZATION_LEVEL = "-Onone";
			};
			name = Debug;
		};
		ADF3D49E2BC5204100437535 /* Release */ = {
			isa = XCBuildConfiguration;
			buildSettings = {
				ALWAYS_SEARCH_USER_PATHS = NO;
				ASSETCATALOG_COMPILER_GENERATE_SWIFT_ASSET_SYMBOL_EXTENSIONS = YES;
				CLANG_ANALYZER_NONNULL = YES;
				CLANG_ANALYZER_NUMBER_OBJECT_CONVERSION = YES_AGGRESSIVE;
				CLANG_CXX_LANGUAGE_STANDARD = "gnu++20";
				CLANG_ENABLE_MODULES = YES;
				CLANG_ENABLE_OBJC_ARC = YES;
				CLANG_ENABLE_OBJC_WEAK = YES;
				CLANG_WARN_BLOCK_CAPTURE_AUTORELEASING = YES;
				CLANG_WARN_BOOL_CONVERSION = YES;
				CLANG_WARN_COMMA = YES;
				CLANG_WARN_CONSTANT_CONVERSION = YES;
				CLANG_WARN_DEPRECATED_OBJC_IMPLEMENTATIONS = YES;
				CLANG_WARN_DIRECT_OBJC_ISA_USAGE = YES_ERROR;
				CLANG_WARN_DOCUMENTATION_COMMENTS = YES;
				CLANG_WARN_EMPTY_BODY = YES;
				CLANG_WARN_ENUM_CONVERSION = YES;
				CLANG_WARN_INFINITE_RECURSION = YES;
				CLANG_WARN_INT_CONVERSION = YES;
				CLANG_WARN_NON_LITERAL_NULL_CONVERSION = YES;
				CLANG_WARN_OBJC_IMPLICIT_RETAIN_SELF = YES;
				CLANG_WARN_OBJC_LITERAL_CONVERSION = YES;
				CLANG_WARN_OBJC_ROOT_CLASS = YES_ERROR;
				CLANG_WARN_QUOTED_INCLUDE_IN_FRAMEWORK_HEADER = YES;
				CLANG_WARN_RANGE_LOOP_ANALYSIS = YES;
				CLANG_WARN_STRICT_PROTOTYPES = YES;
				CLANG_WARN_SUSPICIOUS_MOVE = YES;
				CLANG_WARN_UNGUARDED_AVAILABILITY = YES_AGGRESSIVE;
				CLANG_WARN_UNREACHABLE_CODE = YES;
				CLANG_WARN__DUPLICATE_METHOD_MATCH = YES;
				COPY_PHASE_STRIP = NO;
				DEBUG_INFORMATION_FORMAT = "dwarf-with-dsym";
				ENABLE_NS_ASSERTIONS = NO;
				ENABLE_STRICT_OBJC_MSGSEND = YES;
				ENABLE_USER_SCRIPT_SANDBOXING = YES;
				GCC_C_LANGUAGE_STANDARD = gnu17;
				GCC_NO_COMMON_BLOCKS = YES;
				GCC_WARN_64_TO_32_BIT_CONVERSION = YES;
				GCC_WARN_ABOUT_RETURN_TYPE = YES_ERROR;
				GCC_WARN_UNDECLARED_SELECTOR = YES;
				GCC_WARN_UNINITIALIZED_AUTOS = YES_AGGRESSIVE;
				GCC_WARN_UNUSED_FUNCTION = YES;
				GCC_WARN_UNUSED_VARIABLE = YES;
				IPHONEOS_DEPLOYMENT_TARGET = 17.4;
				LOCALIZATION_PREFERS_STRING_CATALOGS = YES;
				MTL_ENABLE_DEBUG_INFO = NO;
				MTL_FAST_MATH = YES;
				SDKROOT = iphoneos;
				SWIFT_COMPILATION_MODE = wholemodule;
				VALIDATE_PRODUCT = YES;
			};
			name = Release;
		};
		ADF3D4A02BC5204100437535 /* Debug */ = {
			isa = XCBuildConfiguration;
			buildSettings = {
				ASSETCATALOG_COMPILER_APPICON_NAME = AppIcon;
				ASSETCATALOG_COMPILER_GLOBAL_ACCENT_COLOR_NAME = AccentColor;
				CODE_SIGN_STYLE = Automatic;
				CURRENT_PROJECT_VERSION = 1;
				DEVELOPMENT_TEAM = L2LDQS9L5L;
				GENERATE_INFOPLIST_FILE = YES;
				INFOPLIST_FILE = flashcards/Info.plist;
				INFOPLIST_KEY_UIApplicationSupportsIndirectInputEvents = YES;
				INFOPLIST_KEY_UILaunchStoryboardName = LaunchScreen;
				INFOPLIST_KEY_UIMainStoryboardFile = Main;
				INFOPLIST_KEY_UISupportedInterfaceOrientations_iPad = "UIInterfaceOrientationPortrait UIInterfaceOrientationPortraitUpsideDown UIInterfaceOrientationLandscapeLeft UIInterfaceOrientationLandscapeRight";
				INFOPLIST_KEY_UISupportedInterfaceOrientations_iPhone = "UIInterfaceOrientationPortrait UIInterfaceOrientationLandscapeLeft UIInterfaceOrientationLandscapeRight";
				IPHONEOS_DEPLOYMENT_TARGET = 17.0;
				LD_RUNPATH_SEARCH_PATHS = (
					"$(inherited)",
					"@executable_path/Frameworks",
				);
				MARKETING_VERSION = 1.0;
				PRODUCT_BUNDLE_IDENTIFIER = com.danuja.flashcards;
				PRODUCT_NAME = "$(TARGET_NAME)";
				SWIFT_EMIT_LOC_STRINGS = YES;
				SWIFT_VERSION = 5.0;
				TARGETED_DEVICE_FAMILY = "1,2";
			};
			name = Debug;
		};
		ADF3D4A12BC5204100437535 /* Release */ = {
			isa = XCBuildConfiguration;
			buildSettings = {
				ASSETCATALOG_COMPILER_APPICON_NAME = AppIcon;
				ASSETCATALOG_COMPILER_GLOBAL_ACCENT_COLOR_NAME = AccentColor;
				CODE_SIGN_STYLE = Automatic;
				CURRENT_PROJECT_VERSION = 1;
				DEVELOPMENT_TEAM = L2LDQS9L5L;
				GENERATE_INFOPLIST_FILE = YES;
				INFOPLIST_FILE = flashcards/Info.plist;
				INFOPLIST_KEY_UIApplicationSupportsIndirectInputEvents = YES;
				INFOPLIST_KEY_UILaunchStoryboardName = LaunchScreen;
				INFOPLIST_KEY_UIMainStoryboardFile = Main;
				INFOPLIST_KEY_UISupportedInterfaceOrientations_iPad = "UIInterfaceOrientationPortrait UIInterfaceOrientationPortraitUpsideDown UIInterfaceOrientationLandscapeLeft UIInterfaceOrientationLandscapeRight";
				INFOPLIST_KEY_UISupportedInterfaceOrientations_iPhone = "UIInterfaceOrientationPortrait UIInterfaceOrientationLandscapeLeft UIInterfaceOrientationLandscapeRight";
				IPHONEOS_DEPLOYMENT_TARGET = 17.0;
				LD_RUNPATH_SEARCH_PATHS = (
					"$(inherited)",
					"@executable_path/Frameworks",
				);
				MARKETING_VERSION = 1.0;
				PRODUCT_BUNDLE_IDENTIFIER = com.danuja.flashcards;
				PRODUCT_NAME = "$(TARGET_NAME)";
				SWIFT_EMIT_LOC_STRINGS = YES;
				SWIFT_VERSION = 5.0;
				TARGETED_DEVICE_FAMILY = "1,2";
			};
			name = Release;
		};
/* End XCBuildConfiguration section */

/* Begin XCConfigurationList section */
		ADF3D4862BC5203F00437535 /* Build configuration list for PBXProject "flashcards" */ = {
			isa = XCConfigurationList;
			buildConfigurations = (
				ADF3D49D2BC5204100437535 /* Debug */,
				ADF3D49E2BC5204100437535 /* Release */,
			);
			defaultConfigurationIsVisible = 0;
			defaultConfigurationName = Release;
		};
		ADF3D49F2BC5204100437535 /* Build configuration list for PBXNativeTarget "flashcards" */ = {
			isa = XCConfigurationList;
			buildConfigurations = (
				ADF3D4A02BC5204100437535 /* Debug */,
				ADF3D4A12BC5204100437535 /* Release */,
			);
			defaultConfigurationIsVisible = 0;
			defaultConfigurationName = Release;
		};
/* End XCConfigurationList section */

/* Begin XCVersionGroup section */
		ADE802222BCAEED100C87EBA /* Model.xcdatamodeld */ = {
			isa = XCVersionGroup;
			children = (
				ADE802232BCAEED100C87EBA /* Model.xcdatamodel */,
			);
			currentVersion = ADE802232BCAEED100C87EBA /* Model.xcdatamodel */;
			path = Model.xcdatamodeld;
			sourceTree = "<group>";
			versionGroupType = wrapper.xcdatamodel;
		};
/* End XCVersionGroup section */
	};
	rootObject = ADF3D4832BC5203F00437535 /* Project object */;
}
